
Microsoft Visual Studio Solution File, Format Version 12.00
# Visual Studio Version 16
VisualStudioVersion = 16.0.31025.194
MinimumVisualStudioVersion = 10.0.40219.1
Project("{FAE04EC0-301F-11D3-BF4B-00C04F79EFBC}") = "Algorithm", "Algorithm.csproj", "{A236CC35-C718-48A7-882E-8A50A4FC8AAA}"
EndProject
Global
	GlobalSection(SolutionConfigurationPlatforms) = preSolution
		Debug|Any CPU = Debug|Any CPU
		Debug|x64 = Debug|x64
		Release|Any CPU = Release|Any CPU
		Release|x64 = Release|x64
	EndGlobalSection
	GlobalSection(ProjectConfigurationPlatforms) = postSolution
		{A236CC35-C718-48A7-882E-8A50A4FC8AAA}.Debug|Any CPU.ActiveCfg = Debug|Any CPU
		{A236CC35-C718-48A7-882E-8A50A4FC8AAA}.Debug|Any CPU.Build.0 = Debug|Any CPU
		{A236CC35-C718-48A7-882E-8A50A4FC8AAA}.Debug|x64.ActiveCfg = Debug|x64
		{A236CC35-C718-48A7-882E-8A50A4FC8AAA}.Debug|x64.Build.0 = Debug|x64
		{A236CC35-C718-48A7-882E-8A50A4FC8AAA}.Release|Any CPU.ActiveCfg = Release|Any CPU
		{A236CC35-C718-48A7-882E-8A50A4FC8AAA}.Release|Any CPU.Build.0 = Release|Any CPU
		{A236CC35-C718-48A7-882E-8A50A4FC8AAA}.Release|x64.ActiveCfg = Release|x64
		{A236CC35-C718-48A7-882E-8A50A4FC8AAA}.Release|x64.Build.0 = Release|x64
	EndGlobalSection
	GlobalSection(SolutionProperties) = preSolution
		HideSolutionNode = FALSE
	EndGlobalSection
	GlobalSection(ExtensibilityGlobals) = postSolution
		SolutionGuid = {933DB13B-08F4-4760-A24B-417F651E531E}
	EndGlobalSection
EndGlobal
